
Microsoft Visual Studio Solution File, Format Version 12.00
# Visual Studio Version 16
VisualStudioVersion = 16.0.31129.286
MinimumVisualStudioVersion = 10.0.40219.1
Project("{FAE04EC0-301F-11D3-BF4B-00C04F79EFBC}") = "Media", "Media\Media.csproj", "{D7C5533C-6336-48BA-8808-FBAADBF7E448}"
EndProject
Project("{FAE04EC0-301F-11D3-BF4B-00C04F79EFBC}") = "Fibonacci", "Fibonacci\Fibonacci.csproj", "{F778EAFE-5D09-430A-969A-F191D422AD1F}"
EndProject
Project("{FAE04EC0-301F-11D3-BF4B-00C04F79EFBC}") = "IndicesDoNome", "IndicesDoNome\IndicesDoNome.csproj", "{EA9D9090-6F75-4E58-B56F-4D6BE5B0F1EF}"
EndProject
Project("{FAE04EC0-301F-11D3-BF4B-00C04F79EFBC}") = "InverterPalavra", "InverterPalavra\InverterPalavra.csproj", "{915E435D-B4D9-45C4-881E-A000EE633178}"
EndProject
Project("{FAE04EC0-301F-11D3-BF4B-00C04F79EFBC}") = "Palindrome", "Palindrome\Palindrome.csproj", "{DC61CA68-C9A4-4EF4-8CE7-B62D5A2552A6}"
EndProject
Project("{FAE04EC0-301F-11D3-BF4B-00C04F79EFBC}") = "InverterFrase", "InverterFrase\InverterFrase.csproj", "{7F6B525F-45DB-4594-83A8-ECE987017F03}"
EndProject
Project("{FAE04EC0-301F-11D3-BF4B-00C04F79EFBC}") = "Impares", "Impares\Impares.csproj", "{B514D9A1-ADF0-4CF0-9E83-BA338CA42A6E}"
EndProject
Project("{FAE04EC0-301F-11D3-BF4B-00C04F79EFBC}") = "OrdenarArray", "OrdenarArray\OrdenarArray.csproj", "{602F601C-5F20-490A-8C1A-740CF0A90227}"
EndProject
Project("{FAE04EC0-301F-11D3-BF4B-00C04F79EFBC}") = "TrocarPosicoes", "TrocarPosicoes\TrocarPosicoes.csproj", "{2CE0D21B-490B-4483-8478-8CEBDDCBEEEB}"
EndProject
Project("{FAE04EC0-301F-11D3-BF4B-00C04F79EFBC}") = "ProcurarPrimeiraOcorrencia", "ProcurarPrimeiraOcorrencia\ProcurarPrimeiraOcorrencia.csproj", "{105EF6E3-A78A-4D90-A12E-9AF046B6D6DA}"
EndProject
Project("{FAE04EC0-301F-11D3-BF4B-00C04F79EFBC}") = "ProcurarTodasOcorrencias", "ProcurarTodasOcorrencias\ProcurarTodasOcorrencias.csproj", "{A4522390-75B6-4741-B678-BAD8245C5A07}"
EndProject
Project("{FAE04EC0-301F-11D3-BF4B-00C04F79EFBC}") = "Pares", "Pares\Pares.csproj", "{B198F5C9-DCAF-45D6-AA50-98F5FF40CDF5}"
EndProject
Project("{FAE04EC0-301F-11D3-BF4B-00C04F79EFBC}") = "Anagrama", "Anagrama\Anagrama.csproj", "{810C3DF9-BAEB-4D7A-9251-2FA8A14F6859}"
EndProject
Project("{FAE04EC0-301F-11D3-BF4B-00C04F79EFBC}") = "Repetidos", "Repetidos\Repetidos.csproj", "{276F76AB-C810-4AEF-8FDE-80C2B3CD688D}"
EndProject
Project("{FAE04EC0-301F-11D3-BF4B-00C04F79EFBC}") = "Extenso", "Extenso\Extenso.csproj", "{135E4B46-2D1C-430D-875B-D5D710B11196}"
EndProject
Global
	GlobalSection(SolutionConfigurationPlatforms) = preSolution
		Debug|Any CPU = Debug|Any CPU
		Release|Any CPU = Release|Any CPU
	EndGlobalSection
	GlobalSection(ProjectConfigurationPlatforms) = postSolution
		{D7C5533C-6336-48BA-8808-FBAADBF7E448}.Debug|Any CPU.ActiveCfg = Debug|Any CPU
		{D7C5533C-6336-48BA-8808-FBAADBF7E448}.Debug|Any CPU.Build.0 = Debug|Any CPU
		{D7C5533C-6336-48BA-8808-FBAADBF7E448}.Release|Any CPU.ActiveCfg = Release|Any CPU
		{D7C5533C-6336-48BA-8808-FBAADBF7E448}.Release|Any CPU.Build.0 = Release|Any CPU
		{F778EAFE-5D09-430A-969A-F191D422AD1F}.Debug|Any CPU.ActiveCfg = Debug|Any CPU
		{F778EAFE-5D09-430A-969A-F191D422AD1F}.Debug|Any CPU.Build.0 = Debug|Any CPU
		{F778EAFE-5D09-430A-969A-F191D422AD1F}.Release|Any CPU.ActiveCfg = Release|Any CPU
		{F778EAFE-5D09-430A-969A-F191D422AD1F}.Release|Any CPU.Build.0 = Release|Any CPU
		{EA9D9090-6F75-4E58-B56F-4D6BE5B0F1EF}.Debug|Any CPU.ActiveCfg = Debug|Any CPU
		{EA9D9090-6F75-4E58-B56F-4D6BE5B0F1EF}.Debug|Any CPU.Build.0 = Debug|Any CPU
		{EA9D9090-6F75-4E58-B56F-4D6BE5B0F1EF}.Release|Any CPU.ActiveCfg = Release|Any CPU
		{EA9D9090-6F75-4E58-B56F-4D6BE5B0F1EF}.Release|Any CPU.Build.0 = Release|Any CPU
		{915E435D-B4D9-45C4-881E-A000EE633178}.Debug|Any CPU.ActiveCfg = Debug|Any CPU
		{915E435D-B4D9-45C4-881E-A000EE633178}.Debug|Any CPU.Build.0 = Debug|Any CPU
		{915E435D-B4D9-45C4-881E-A000EE633178}.Release|Any CPU.ActiveCfg = Release|Any CPU
		{915E435D-B4D9-45C4-881E-A000EE633178}.Release|Any CPU.Build.0 = Release|Any CPU
		{DC61CA68-C9A4-4EF4-8CE7-B62D5A2552A6}.Debug|Any CPU.ActiveCfg = Debug|Any CPU
		{DC61CA68-C9A4-4EF4-8CE7-B62D5A2552A6}.Debug|Any CPU.Build.0 = Debug|Any CPU
		{DC61CA68-C9A4-4EF4-8CE7-B62D5A2552A6}.Release|Any CPU.ActiveCfg = Release|Any CPU
		{DC61CA68-C9A4-4EF4-8CE7-B62D5A2552A6}.Release|Any CPU.Build.0 = Release|Any CPU
		{7F6B525F-45DB-4594-83A8-ECE987017F03}.Debug|Any CPU.ActiveCfg = Debug|Any CPU
		{7F6B525F-45DB-4594-83A8-ECE987017F03}.Debug|Any CPU.Build.0 = Debug|Any CPU
		{7F6B525F-45DB-4594-83A8-ECE987017F03}.Release|Any CPU.ActiveCfg = Release|Any CPU
		{7F6B525F-45DB-4594-83A8-ECE987017F03}.Release|Any CPU.Build.0 = Release|Any CPU
		{B514D9A1-ADF0-4CF0-9E83-BA338CA42A6E}.Debug|Any CPU.ActiveCfg = Debug|Any CPU
		{B514D9A1-ADF0-4CF0-9E83-BA338CA42A6E}.Debug|Any CPU.Build.0 = Debug|Any CPU
		{B514D9A1-ADF0-4CF0-9E83-BA338CA42A6E}.Release|Any CPU.ActiveCfg = Release|Any CPU
		{B514D9A1-ADF0-4CF0-9E83-BA338CA42A6E}.Release|Any CPU.Build.0 = Release|Any CPU
		{602F601C-5F20-490A-8C1A-740CF0A90227}.Debug|Any CPU.ActiveCfg = Debug|Any CPU
		{602F601C-5F20-490A-8C1A-740CF0A90227}.Debug|Any CPU.Build.0 = Debug|Any CPU
		{602F601C-5F20-490A-8C1A-740CF0A90227}.Release|Any CPU.ActiveCfg = Release|Any CPU
		{602F601C-5F20-490A-8C1A-740CF0A90227}.Release|Any CPU.Build.0 = Release|Any CPU
		{2CE0D21B-490B-4483-8478-8CEBDDCBEEEB}.Debug|Any CPU.ActiveCfg = Debug|Any CPU
		{2CE0D21B-490B-4483-8478-8CEBDDCBEEEB}.Debug|Any CPU.Build.0 = Debug|Any CPU
		{2CE0D21B-490B-4483-8478-8CEBDDCBEEEB}.Release|Any CPU.ActiveCfg = Release|Any CPU
		{2CE0D21B-490B-4483-8478-8CEBDDCBEEEB}.Release|Any CPU.Build.0 = Release|Any CPU
		{105EF6E3-A78A-4D90-A12E-9AF046B6D6DA}.Debug|Any CPU.ActiveCfg = Debug|Any CPU
		{105EF6E3-A78A-4D90-A12E-9AF046B6D6DA}.Debug|Any CPU.Build.0 = Debug|Any CPU
		{105EF6E3-A78A-4D90-A12E-9AF046B6D6DA}.Release|Any CPU.ActiveCfg = Release|Any CPU
		{105EF6E3-A78A-4D90-A12E-9AF046B6D6DA}.Release|Any CPU.Build.0 = Release|Any CPU
		{A4522390-75B6-4741-B678-BAD8245C5A07}.Debug|Any CPU.ActiveCfg = Debug|Any CPU
		{A4522390-75B6-4741-B678-BAD8245C5A07}.Debug|Any CPU.Build.0 = Debug|Any CPU
		{A4522390-75B6-4741-B678-BAD8245C5A07}.Release|Any CPU.ActiveCfg = Release|Any CPU
		{A4522390-75B6-4741-B678-BAD8245C5A07}.Release|Any CPU.Build.0 = Release|Any CPU
		{B198F5C9-DCAF-45D6-AA50-98F5FF40CDF5}.Debug|Any CPU.ActiveCfg = Debug|Any CPU
		{B198F5C9-DCAF-45D6-AA50-98F5FF40CDF5}.Debug|Any CPU.Build.0 = Debug|Any CPU
		{B198F5C9-DCAF-45D6-AA50-98F5FF40CDF5}.Release|Any CPU.ActiveCfg = Release|Any CPU
		{B198F5C9-DCAF-45D6-AA50-98F5FF40CDF5}.Release|Any CPU.Build.0 = Release|Any CPU
		{810C3DF9-BAEB-4D7A-9251-2FA8A14F6859}.Debug|Any CPU.ActiveCfg = Debug|Any CPU
		{810C3DF9-BAEB-4D7A-9251-2FA8A14F6859}.Debug|Any CPU.Build.0 = Debug|Any CPU
		{810C3DF9-BAEB-4D7A-9251-2FA8A14F6859}.Release|Any CPU.ActiveCfg = Release|Any CPU
		{810C3DF9-BAEB-4D7A-9251-2FA8A14F6859}.Release|Any CPU.Build.0 = Release|Any CPU
		{276F76AB-C810-4AEF-8FDE-80C2B3CD688D}.Debug|Any CPU.ActiveCfg = Debug|Any CPU
		{276F76AB-C810-4AEF-8FDE-80C2B3CD688D}.Debug|Any CPU.Build.0 = Debug|Any CPU
		{276F76AB-C810-4AEF-8FDE-80C2B3CD688D}.Release|Any CPU.ActiveCfg = Release|Any CPU
		{276F76AB-C810-4AEF-8FDE-80C2B3CD688D}.Release|Any CPU.Build.0 = Release|Any CPU
		{135E4B46-2D1C-430D-875B-D5D710B11196}.Debug|Any CPU.ActiveCfg = Debug|Any CPU
		{135E4B46-2D1C-430D-875B-D5D710B11196}.Debug|Any CPU.Build.0 = Debug|Any CPU
		{135E4B46-2D1C-430D-875B-D5D710B11196}.Release|Any CPU.ActiveCfg = Release|Any CPU
		{135E4B46-2D1C-430D-875B-D5D710B11196}.Release|Any CPU.Build.0 = Release|Any CPU
	EndGlobalSection
	GlobalSection(SolutionProperties) = preSolution
		HideSolutionNode = FALSE
	EndGlobalSection
	GlobalSection(ExtensibilityGlobals) = postSolution
		SolutionGuid = {751F74EA-7F6F-4FC2-B3B7-EDA918938F8E}
	EndGlobalSection
EndGlobal
